
Microsoft Visual Studio Solution File, Format Version 12.00
# Visual Studio Version 17
VisualStudioVersion = 17.9.34622.214
MinimumVisualStudioVersion = 10.0.40219.1
Project("{9A19103F-16F7-4668-BE54-9A1E7A4F7556}") = "Introduction", "Introduction\Introduction.csproj", "{CDB5B581-580E-479F-A2E6-E047BBEEDD6D}"
EndProject
Project("{2150E333-8FDC-42A3-9474-1A3956D46DE8}") = "Lab 1", "Lab 1", "{539DF3CC-F106-409E-9165-6B5D1990585F}"
EndProject
Project("{9A19103F-16F7-4668-BE54-9A1E7A4F7556}") = "1_1", "1_1\1_1.csproj", "{739C4167-2376-43B8-ADD3-4F6C1B0C7D78}"
EndProject
Project("{9A19103F-16F7-4668-BE54-9A1E7A4F7556}") = "1_2", "1_2\1_2.csproj", "{B42CDEA7-4F12-4A7F-B813-19852255023D}"
EndProject
Project("{9A19103F-16F7-4668-BE54-9A1E7A4F7556}") = "1_3", "1_3\1_3.csproj", "{9C73F90E-4740-4BD1-B40E-10E7086253B8}"
EndProject
Project("{2150E333-8FDC-42A3-9474-1A3956D46DE8}") = "Lab 2", "Lab 2", "{C8AAAC83-5260-489F-80BD-543AEF38D262}"
EndProject
Project("{9A19103F-16F7-4668-BE54-9A1E7A4F7556}") = "1_4", "1_4\1_4.csproj", "{5750FCD0-4D97-4B20-AC96-654144A74070}"
EndProject
Project("{9A19103F-16F7-4668-BE54-9A1E7A4F7556}") = "1_5", "1_5\1_5.csproj", "{3B92A851-9FA8-473B-A72A-30AC3ED29C66}"
EndProject
Project("{9A19103F-16F7-4668-BE54-9A1E7A4F7556}") = "1_6", "1_6\1_6.csproj", "{B914793D-0166-40D7-900C-374057F6BC48}"
EndProject
Project("{9A19103F-16F7-4668-BE54-9A1E7A4F7556}") = "1_7", "1_7\1_7.csproj", "{9B32D698-7D9D-444B-9E1E-46ACC930E7A0}"
EndProject
Project("{9A19103F-16F7-4668-BE54-9A1E7A4F7556}") = "1_8", "1_8\1_8.csproj", "{C918C2F9-4E89-4145-B41B-9C8EAA9B0A95}"
EndProject
Project("{9A19103F-16F7-4668-BE54-9A1E7A4F7556}") = "1_9", "1_9\1_9.csproj", "{76A075E4-36C7-4387-A842-43769E579FEE}"
EndProject
Project("{9A19103F-16F7-4668-BE54-9A1E7A4F7556}") = "2_1", "2_1\2_1.csproj", "{748D7803-CE07-44CB-B570-257A7BC6B0D9}"
EndProject
Project("{9A19103F-16F7-4668-BE54-9A1E7A4F7556}") = "2_2", "2_2\2_2.csproj", "{8032302E-3C8A-4C74-A427-F51DFC5AFE32}"
EndProject
Project("{9A19103F-16F7-4668-BE54-9A1E7A4F7556}") = "2_3", "2_3\2_3.csproj", "{C7A4BF19-AFBA-4D5A-B7EF-9E2CB8B2F0D6}"
EndProject
Project("{9A19103F-16F7-4668-BE54-9A1E7A4F7556}") = "2_4", "2_4\2_4.csproj", "{63214152-EF2A-4DDC-9574-F3492FEAC7E2}"
EndProject
Project("{FAE04EC0-301F-11D3-BF4B-00C04F79EFBC}") = "2_5", "2_5\2_5.csproj", "{8F0EE053-D617-46CD-8A41-E6E665554AA0}"
EndProject
Project("{FAE04EC0-301F-11D3-BF4B-00C04F79EFBC}") = "2_6", "2_6\2_6.csproj", "{AAEA138C-63F5-4E85-9024-7230CDF4679D}"
EndProject
Project("{FAE04EC0-301F-11D3-BF4B-00C04F79EFBC}") = "2_7", "2_7\2_7.csproj", "{396EB899-8965-492E-BE61-4CDC7CFD9C29}"
EndProject
Global
	GlobalSection(SolutionConfigurationPlatforms) = preSolution
		Debug|Any CPU = Debug|Any CPU
		Release|Any CPU = Release|Any CPU
	EndGlobalSection
	GlobalSection(ProjectConfigurationPlatforms) = postSolution
		{CDB5B581-580E-479F-A2E6-E047BBEEDD6D}.Debug|Any CPU.ActiveCfg = Debug|Any CPU
		{CDB5B581-580E-479F-A2E6-E047BBEEDD6D}.Debug|Any CPU.Build.0 = Debug|Any CPU
		{CDB5B581-580E-479F-A2E6-E047BBEEDD6D}.Release|Any CPU.ActiveCfg = Release|Any CPU
		{CDB5B581-580E-479F-A2E6-E047BBEEDD6D}.Release|Any CPU.Build.0 = Release|Any CPU
		{739C4167-2376-43B8-ADD3-4F6C1B0C7D78}.Debug|Any CPU.ActiveCfg = Debug|Any CPU
		{739C4167-2376-43B8-ADD3-4F6C1B0C7D78}.Debug|Any CPU.Build.0 = Debug|Any CPU
		{739C4167-2376-43B8-ADD3-4F6C1B0C7D78}.Release|Any CPU.ActiveCfg = Release|Any CPU
		{739C4167-2376-43B8-ADD3-4F6C1B0C7D78}.Release|Any CPU.Build.0 = Release|Any CPU
		{B42CDEA7-4F12-4A7F-B813-19852255023D}.Debug|Any CPU.ActiveCfg = Debug|Any CPU
		{B42CDEA7-4F12-4A7F-B813-19852255023D}.Debug|Any CPU.Build.0 = Debug|Any CPU
		{B42CDEA7-4F12-4A7F-B813-19852255023D}.Release|Any CPU.ActiveCfg = Release|Any CPU
		{B42CDEA7-4F12-4A7F-B813-19852255023D}.Release|Any CPU.Build.0 = Release|Any CPU
		{9C73F90E-4740-4BD1-B40E-10E7086253B8}.Debug|Any CPU.ActiveCfg = Debug|Any CPU
		{9C73F90E-4740-4BD1-B40E-10E7086253B8}.Debug|Any CPU.Build.0 = Debug|Any CPU
		{9C73F90E-4740-4BD1-B40E-10E7086253B8}.Release|Any CPU.ActiveCfg = Release|Any CPU
		{9C73F90E-4740-4BD1-B40E-10E7086253B8}.Release|Any CPU.Build.0 = Release|Any CPU
		{5750FCD0-4D97-4B20-AC96-654144A74070}.Debug|Any CPU.ActiveCfg = Debug|Any CPU
		{5750FCD0-4D97-4B20-AC96-654144A74070}.Debug|Any CPU.Build.0 = Debug|Any CPU
		{5750FCD0-4D97-4B20-AC96-654144A74070}.Release|Any CPU.ActiveCfg = Release|Any CPU
		{5750FCD0-4D97-4B20-AC96-654144A74070}.Release|Any CPU.Build.0 = Release|Any CPU
		{3B92A851-9FA8-473B-A72A-30AC3ED29C66}.Debug|Any CPU.ActiveCfg = Debug|Any CPU
		{3B92A851-9FA8-473B-A72A-30AC3ED29C66}.Debug|Any CPU.Build.0 = Debug|Any CPU
		{3B92A851-9FA8-473B-A72A-30AC3ED29C66}.Release|Any CPU.ActiveCfg = Release|Any CPU
		{3B92A851-9FA8-473B-A72A-30AC3ED29C66}.Release|Any CPU.Build.0 = Release|Any CPU
		{B914793D-0166-40D7-900C-374057F6BC48}.Debug|Any CPU.ActiveCfg = Debug|Any CPU
		{B914793D-0166-40D7-900C-374057F6BC48}.Debug|Any CPU.Build.0 = Debug|Any CPU
		{B914793D-0166-40D7-900C-374057F6BC48}.Release|Any CPU.ActiveCfg = Release|Any CPU
		{B914793D-0166-40D7-900C-374057F6BC48}.Release|Any CPU.Build.0 = Release|Any CPU
		{9B32D698-7D9D-444B-9E1E-46ACC930E7A0}.Debug|Any CPU.ActiveCfg = Debug|Any CPU
		{9B32D698-7D9D-444B-9E1E-46ACC930E7A0}.Debug|Any CPU.Build.0 = Debug|Any CPU
		{9B32D698-7D9D-444B-9E1E-46ACC930E7A0}.Release|Any CPU.ActiveCfg = Release|Any CPU
		{9B32D698-7D9D-444B-9E1E-46ACC930E7A0}.Release|Any CPU.Build.0 = Release|Any CPU
		{C918C2F9-4E89-4145-B41B-9C8EAA9B0A95}.Debug|Any CPU.ActiveCfg = Debug|Any CPU
		{C918C2F9-4E89-4145-B41B-9C8EAA9B0A95}.Debug|Any CPU.Build.0 = Debug|Any CPU
		{C918C2F9-4E89-4145-B41B-9C8EAA9B0A95}.Release|Any CPU.ActiveCfg = Release|Any CPU
		{C918C2F9-4E89-4145-B41B-9C8EAA9B0A95}.Release|Any CPU.Build.0 = Release|Any CPU
		{76A075E4-36C7-4387-A842-43769E579FEE}.Debug|Any CPU.ActiveCfg = Debug|Any CPU
		{76A075E4-36C7-4387-A842-43769E579FEE}.Debug|Any CPU.Build.0 = Debug|Any CPU
		{76A075E4-36C7-4387-A842-43769E579FEE}.Release|Any CPU.ActiveCfg = Release|Any CPU
		{76A075E4-36C7-4387-A842-43769E579FEE}.Release|Any CPU.Build.0 = Release|Any CPU
		{748D7803-CE07-44CB-B570-257A7BC6B0D9}.Debug|Any CPU.ActiveCfg = Debug|Any CPU
		{748D7803-CE07-44CB-B570-257A7BC6B0D9}.Debug|Any CPU.Build.0 = Debug|Any CPU
		{748D7803-CE07-44CB-B570-257A7BC6B0D9}.Release|Any CPU.ActiveCfg = Release|Any CPU
		{748D7803-CE07-44CB-B570-257A7BC6B0D9}.Release|Any CPU.Build.0 = Release|Any CPU
		{8032302E-3C8A-4C74-A427-F51DFC5AFE32}.Debug|Any CPU.ActiveCfg = Debug|Any CPU
		{8032302E-3C8A-4C74-A427-F51DFC5AFE32}.Debug|Any CPU.Build.0 = Debug|Any CPU
		{8032302E-3C8A-4C74-A427-F51DFC5AFE32}.Release|Any CPU.ActiveCfg = Release|Any CPU
		{8032302E-3C8A-4C74-A427-F51DFC5AFE32}.Release|Any CPU.Build.0 = Release|Any CPU
		{C7A4BF19-AFBA-4D5A-B7EF-9E2CB8B2F0D6}.Debug|Any CPU.ActiveCfg = Debug|Any CPU
		{C7A4BF19-AFBA-4D5A-B7EF-9E2CB8B2F0D6}.Debug|Any CPU.Build.0 = Debug|Any CPU
		{C7A4BF19-AFBA-4D5A-B7EF-9E2CB8B2F0D6}.Release|Any CPU.ActiveCfg = Release|Any CPU
		{C7A4BF19-AFBA-4D5A-B7EF-9E2CB8B2F0D6}.Release|Any CPU.Build.0 = Release|Any CPU
		{63214152-EF2A-4DDC-9574-F3492FEAC7E2}.Debug|Any CPU.ActiveCfg = Debug|Any CPU
		{63214152-EF2A-4DDC-9574-F3492FEAC7E2}.Debug|Any CPU.Build.0 = Debug|Any CPU
		{63214152-EF2A-4DDC-9574-F3492FEAC7E2}.Release|Any CPU.ActiveCfg = Release|Any CPU
		{63214152-EF2A-4DDC-9574-F3492FEAC7E2}.Release|Any CPU.Build.0 = Release|Any CPU
		{8F0EE053-D617-46CD-8A41-E6E665554AA0}.Debug|Any CPU.ActiveCfg = Debug|Any CPU
		{8F0EE053-D617-46CD-8A41-E6E665554AA0}.Debug|Any CPU.Build.0 = Debug|Any CPU
		{8F0EE053-D617-46CD-8A41-E6E665554AA0}.Release|Any CPU.ActiveCfg = Release|Any CPU
		{8F0EE053-D617-46CD-8A41-E6E665554AA0}.Release|Any CPU.Build.0 = Release|Any CPU
		{AAEA138C-63F5-4E85-9024-7230CDF4679D}.Debug|Any CPU.ActiveCfg = Debug|Any CPU
		{AAEA138C-63F5-4E85-9024-7230CDF4679D}.Debug|Any CPU.Build.0 = Debug|Any CPU
		{AAEA138C-63F5-4E85-9024-7230CDF4679D}.Release|Any CPU.ActiveCfg = Release|Any CPU
		{AAEA138C-63F5-4E85-9024-7230CDF4679D}.Release|Any CPU.Build.0 = Release|Any CPU
		{396EB899-8965-492E-BE61-4CDC7CFD9C29}.Debug|Any CPU.ActiveCfg = Debug|Any CPU
		{396EB899-8965-492E-BE61-4CDC7CFD9C29}.Debug|Any CPU.Build.0 = Debug|Any CPU
		{396EB899-8965-492E-BE61-4CDC7CFD9C29}.Release|Any CPU.ActiveCfg = Release|Any CPU
		{396EB899-8965-492E-BE61-4CDC7CFD9C29}.Release|Any CPU.Build.0 = Release|Any CPU
	EndGlobalSection
	GlobalSection(SolutionProperties) = preSolution
		HideSolutionNode = FALSE
	EndGlobalSection
	GlobalSection(NestedProjects) = preSolution
		{739C4167-2376-43B8-ADD3-4F6C1B0C7D78} = {539DF3CC-F106-409E-9165-6B5D1990585F}
		{B42CDEA7-4F12-4A7F-B813-19852255023D} = {539DF3CC-F106-409E-9165-6B5D1990585F}
		{9C73F90E-4740-4BD1-B40E-10E7086253B8} = {539DF3CC-F106-409E-9165-6B5D1990585F}
		{5750FCD0-4D97-4B20-AC96-654144A74070} = {539DF3CC-F106-409E-9165-6B5D1990585F}
		{3B92A851-9FA8-473B-A72A-30AC3ED29C66} = {539DF3CC-F106-409E-9165-6B5D1990585F}
		{B914793D-0166-40D7-900C-374057F6BC48} = {539DF3CC-F106-409E-9165-6B5D1990585F}
		{9B32D698-7D9D-444B-9E1E-46ACC930E7A0} = {539DF3CC-F106-409E-9165-6B5D1990585F}
		{C918C2F9-4E89-4145-B41B-9C8EAA9B0A95} = {539DF3CC-F106-409E-9165-6B5D1990585F}
		{76A075E4-36C7-4387-A842-43769E579FEE} = {539DF3CC-F106-409E-9165-6B5D1990585F}
		{748D7803-CE07-44CB-B570-257A7BC6B0D9} = {C8AAAC83-5260-489F-80BD-543AEF38D262}
		{8032302E-3C8A-4C74-A427-F51DFC5AFE32} = {C8AAAC83-5260-489F-80BD-543AEF38D262}
		{C7A4BF19-AFBA-4D5A-B7EF-9E2CB8B2F0D6} = {C8AAAC83-5260-489F-80BD-543AEF38D262}
		{63214152-EF2A-4DDC-9574-F3492FEAC7E2} = {C8AAAC83-5260-489F-80BD-543AEF38D262}
		{8F0EE053-D617-46CD-8A41-E6E665554AA0} = {C8AAAC83-5260-489F-80BD-543AEF38D262}
		{AAEA138C-63F5-4E85-9024-7230CDF4679D} = {C8AAAC83-5260-489F-80BD-543AEF38D262}
		{396EB899-8965-492E-BE61-4CDC7CFD9C29} = {C8AAAC83-5260-489F-80BD-543AEF38D262}
	EndGlobalSection
	GlobalSection(ExtensibilityGlobals) = postSolution
		SolutionGuid = {3069053C-FF7C-4970-BA03-D5506C9F8B3C}
	EndGlobalSection
EndGlobal
